
Microsoft Visual Studio Solution File, Format Version 12.00
# Visual Studio Version 18
VisualStudioVersion = 18.4.11605.240 stable
MinimumVisualStudioVersion = 10.0.40219.1
Project("{FAE04EC0-301F-11D3-BF4B-00C04F79EFBC}") = "MatrixReducer", "MatrixReducer.csproj", "{36479481-8062-F050-79B6-C30C41AD7610}"
EndProject
Global
	GlobalSection(SolutionConfigurationPlatforms) = preSolution
		Debug|Any CPU = Debug|Any CPU
		Release|Any CPU = Release|Any CPU
	EndGlobalSection
	GlobalSection(ProjectConfigurationPlatforms) = postSolution
		{36479481-8062-F050-79B6-C30C41AD7610}.Debug|Any CPU.ActiveCfg = Debug|Any CPU
		{36479481-8062-F050-79B6-C30C41AD7610}.Debug|Any CPU.Build.0 = Debug|Any CPU
		{36479481-8062-F050-79B6-C30C41AD7610}.Release|Any CPU.ActiveCfg = Release|Any CPU
		{36479481-8062-F050-79B6-C30C41AD7610}.Release|Any CPU.Build.0 = Release|Any CPU
	EndGlobalSection
	GlobalSection(SolutionProperties) = preSolution
		HideSolutionNode = FALSE
	EndGlobalSection
	GlobalSection(ExtensibilityGlobals) = postSolution
		SolutionGuid = {C0E8B90D-BE0C-4572-A6FB-198EF9FCDA84}
	EndGlobalSection
EndGlobal
